
Microsoft Visual Studio Solution File, Format Version 12.00
# Visual Studio 15
VisualStudioVersion = 15.0.28307.572
MinimumVisualStudioVersion = 10.0.40219.1
Project("{8BC9CEB8-8B4A-11D0-8D11-00A0C91BC942}") = "VulkanBase", "VulkanBase\VulkanBase.vcxproj", "{431667B5-0453-4A88-ACD1-23BCEE18931F}"
EndProject
Global
	GlobalSection(SolutionConfigurationPlatforms) = preSolution
		Debug|x64 = Debug|x64
		Debug|x86 = Debug|x86
		Release|x64 = Release|x64
		Release|x86 = Release|x86
	EndGlobalSection
	GlobalSection(ProjectConfigurationPlatforms) = postSolution
		{431667B5-0453-4A88-ACD1-23BCEE18931F}.Debug|x64.ActiveCfg = Debug|x64
		{431667B5-0453-4A88-ACD1-23BCEE18931F}.Debug|x64.Build.0 = Debug|x64
		{431667B5-0453-4A88-ACD1-23BCEE18931F}.Debug|x86.ActiveCfg = Debug|Win32
		{431667B5-0453-4A88-ACD1-23BCEE18931F}.Debug|x86.Build.0 = Debug|Win32
		{431667B5-0453-4A88-ACD1-23BCEE18931F}.Release|x64.ActiveCfg = Release|x64
		{431667B5-0453-4A88-ACD1-23BCEE18931F}.Release|x64.Build.0 = Release|x64
		{431667B5-0453-4A88-ACD1-23BCEE18931F}.Release|x86.ActiveCfg = Release|Win32
		{431667B5-0453-4A88-ACD1-23BCEE18931F}.Release|x86.Build.0 = Release|Win32
	EndGlobalSection
	GlobalSection(SolutionProperties) = preSolution
		HideSolutionNode = FALSE
	EndGlobalSection
	GlobalSection(ExtensibilityGlobals) = postSolution
		SolutionGuid = {A0EBA153-BEF2-4818-89A1-B1418286DA8A}
	EndGlobalSection
EndGlobal
